// !$*UTF8*$!
{
	archiveVersion = 1;
	classes = {
	};
	objectVersion = 51;
	objects = {

/* Begin PBXBuildFile section */
		1803E3FC23622374007AAF06 /* StoreKit.framework in Frameworks */ = {isa = PBXBuildFile; fileRef = 1803E3FB23622374007AAF06 /* StoreKit.framework */; };
		1803E3FE2362264A007AAF06 /* IAPProducts.swift in Sources */ = {isa = PBXBuildFile; fileRef = 1803E3FD2362264A007AAF06 /* IAPProducts.swift */; };
		1803E400236226B7007AAF06 /* IAPService.swift in Sources */ = {isa = PBXBuildFile; fileRef = 1803E3FF236226B7007AAF06 /* IAPService.swift */; };
		1803E425236AB2AC007AAF06 /* StoredStocks.swift in Sources */ = {isa = PBXBuildFile; fileRef = 1803E424236AB2AC007AAF06 /* StoredStocks.swift */; };
		1803E427236AB4B6007AAF06 /* PersistenceService.swift in Sources */ = {isa = PBXBuildFile; fileRef = 1803E426236AB4B6007AAF06 /* PersistenceService.swift */; };
		1803E429236B630C007AAF06 /* WatchList.swift in Sources */ = {isa = PBXBuildFile; fileRef = 1803E428236B630C007AAF06 /* WatchList.swift */; };
		1803E42B236C0D61007AAF06 /* ProfileSelectionOneTableViewCell.swift in Sources */ = {isa = PBXBuildFile; fileRef = 1803E42A236C0D61007AAF06 /* ProfileSelectionOneTableViewCell.swift */; };
		1803E42D236C11B3007AAF06 /* ProfileSelectionTwoTableViewCell.swift in Sources */ = {isa = PBXBuildFile; fileRef = 1803E42C236C11B3007AAF06 /* ProfileSelectionTwoTableViewCell.swift */; };
		1803E42F236C11C1007AAF06 /* ProfileSelectionThreeTableViewCell.swift in Sources */ = {isa = PBXBuildFile; fileRef = 1803E42E236C11C1007AAF06 /* ProfileSelectionThreeTableViewCell.swift */; };
		1803F63A2358E91700176D1F /* Default-568h@2x.png in Resources */ = {isa = PBXBuildFile; fileRef = 1803F6392358E91700176D1F /* Default-568h@2x.png */; };
		1803F63C2358F96B00176D1F /* SettingViewController.swift in Sources */ = {isa = PBXBuildFile; fileRef = 1803F63B2358F96B00176D1F /* SettingViewController.swift */; };
		1803F63E2358F97E00176D1F /* HistoryViewController.swift in Sources */ = {isa = PBXBuildFile; fileRef = 1803F63D2358F97E00176D1F /* HistoryViewController.swift */; };
		1803F6402358F98B00176D1F /* AccountViewController.swift in Sources */ = {isa = PBXBuildFile; fileRef = 1803F63F2358F98B00176D1F /* AccountViewController.swift */; };
		1803F6422358FED400176D1F /* SubProfileViewController.swift in Sources */ = {isa = PBXBuildFile; fileRef = 1803F6412358FED400176D1F /* SubProfileViewController.swift */; };
		1803F6442359092900176D1F /* TradingViewController.swift in Sources */ = {isa = PBXBuildFile; fileRef = 1803F6432359092900176D1F /* TradingViewController.swift */; };
		182600212338468E00E9A85E /* StockSearchViewController.swift in Sources */ = {isa = PBXBuildFile; fileRef = 182600202338468E00E9A85E /* StockSearchViewController.swift */; };
		182EDA09231D9B25003D1B2A /* AppDelegate.swift in Sources */ = {isa = PBXBuildFile; fileRef = 182EDA08231D9B25003D1B2A /* AppDelegate.swift */; };
		182EDA0B231D9B25003D1B2A /* StockViewController.swift in Sources */ = {isa = PBXBuildFile; fileRef = 182EDA0A231D9B25003D1B2A /* StockViewController.swift */; };
		182EDA10231D9B25003D1B2A /* Main.storyboard in Resources */ = {isa = PBXBuildFile; fileRef = 182EDA0E231D9B25003D1B2A /* Main.storyboard */; };
		182EDA12231D9B28003D1B2A /* Assets.xcassets in Resources */ = {isa = PBXBuildFile; fileRef = 182EDA11231D9B28003D1B2A /* Assets.xcassets */; };
		182EDA15231D9B28003D1B2A /* LaunchScreen.storyboard in Resources */ = {isa = PBXBuildFile; fileRef = 182EDA13231D9B28003D1B2A /* LaunchScreen.storyboard */; };
		182EDA20231D9B28003D1B2A /* MarKetUpTests.swift in Sources */ = {isa = PBXBuildFile; fileRef = 182EDA1F231D9B28003D1B2A /* MarKetUpTests.swift */; };
		182EDA2B231D9B28003D1B2A /* MarKetUpUITests.swift in Sources */ = {isa = PBXBuildFile; fileRef = 182EDA2A231D9B28003D1B2A /* MarKetUpUITests.swift */; };
		187BF5D92345631D000DFD7F /* searchResultTableViewCell.swift in Sources */ = {isa = PBXBuildFile; fileRef = 187BF5D82345631D000DFD7F /* searchResultTableViewCell.swift */; };
		18A0F371232DA29A00BCBE50 /* Model.xcdatamodeld in Sources */ = {isa = PBXBuildFile; fileRef = 18A0F36F232DA29A00BCBE50 /* Model.xcdatamodeld */; };
		18A0F397233048A500BCBE50 /* ProfileViewController.swift in Sources */ = {isa = PBXBuildFile; fileRef = 18A0F396233048A500BCBE50 /* ProfileViewController.swift */; };
		18A0F399233048BC00BCBE50 /* User.swift in Sources */ = {isa = PBXBuildFile; fileRef = 18A0F398233048BC00BCBE50 /* User.swift */; };
		18A0F39B233065B100BCBE50 /* IndividualStockViewController.swift in Sources */ = {isa = PBXBuildFile; fileRef = 18A0F39A233065B100BCBE50 /* IndividualStockViewController.swift */; };
		18A0F39D233095DB00BCBE50 /* UIKitExtensions.swift in Sources */ = {isa = PBXBuildFile; fileRef = 18A0F39C233095DB00BCBE50 /* UIKitExtensions.swift */; };
		18A13F01231F8DFB00710999 /* Stocks.swift in Sources */ = {isa = PBXBuildFile; fileRef = 18A13F00231F8DFB00710999 /* Stocks.swift */; };
		18A13F03231F8E7200710999 /* StockTableViewCell.swift in Sources */ = {isa = PBXBuildFile; fileRef = 18A13F02231F8E7200710999 /* StockTableViewCell.swift */; };
		18BF4183234D223C0071D1A8 /* PurchaseCollectionViewCell.swift in Sources */ = {isa = PBXBuildFile; fileRef = 18BF4182234D223C0071D1A8 /* PurchaseCollectionViewCell.swift */; };
		18BF41AA2355316C0071D1A8 /* StockList.json in Resources */ = {isa = PBXBuildFile; fileRef = 18BF41A92355316C0071D1A8 /* StockList.json */; };
		18CEE6C5236E1DFA009B6FC0 /* StockHistoryTableViewCell.swift in Sources */ = {isa = PBXBuildFile; fileRef = 18CEE6C4236E1DFA009B6FC0 /* StockHistoryTableViewCell.swift */; };
		18CEE6C7236E1E46009B6FC0 /* DetailStockHistoryViewController.swift in Sources */ = {isa = PBXBuildFile; fileRef = 18CEE6C6236E1E46009B6FC0 /* DetailStockHistoryViewController.swift */; };
		18CEE6C9236ED4B2009B6FC0 /* StockHistory.swift in Sources */ = {isa = PBXBuildFile; fileRef = 18CEE6C8236ED4B2009B6FC0 /* StockHistory.swift */; };
		18CEE6FA2378BE54009B6FC0 /* ContentViewController.swift in Sources */ = {isa = PBXBuildFile; fileRef = 18CEE6F92378BE54009B6FC0 /* ContentViewController.swift */; };
		9950BAAD467E828A42BF9239 /* Pods_MarKetUpTests.framework in Frameworks */ = {isa = PBXBuildFile; fileRef = 9A5B8E1D102AC775B3BD5DEC /* Pods_MarKetUpTests.framework */; };
		A7304A04A1ADCDB8F88D0E26 /* Pods_MarKetUp.framework in Frameworks */ = {isa = PBXBuildFile; fileRef = 06FA679A82975C2CC28B9502 /* Pods_MarKetUp.framework */; };
		E297F841C0D6415341E9FAD5 /* Pods_MarKetUpUITests.framework in Frameworks */ = {isa = PBXBuildFile; fileRef = 0F7814514394AC87E521EC97 /* Pods_MarKetUpUITests.framework */; };
/* End PBXBuildFile section */

/* Begin PBXContainerItemProxy section */
		182EDA1C231D9B28003D1B2A /* PBXContainerItemProxy */ = {
			isa = PBXContainerItemProxy;
			containerPortal = 182ED9FD231D9B25003D1B2A /* Project object */;
			proxyType = 1;
			remoteGlobalIDString = 182EDA04231D9B25003D1B2A;
			remoteInfo = MarKetUp;
		};
		182EDA27231D9B28003D1B2A /* PBXContainerItemProxy */ = {
			isa = PBXContainerItemProxy;
			containerPortal = 182ED9FD231D9B25003D1B2A /* Project object */;
			proxyType = 1;
			remoteGlobalIDString = 182EDA04231D9B25003D1B2A;
			remoteInfo = MarKetUp;
		};
/* End PBXContainerItemProxy section */

/* Begin PBXFileReference section */
		06FA679A82975C2CC28B9502 /* Pods_MarKetUp.framework */ = {isa = PBXFileReference; explicitFileType = wrapper.framework; includeInIndex = 0; path = Pods_MarKetUp.framework; sourceTree = BUILT_PRODUCTS_DIR; };
		0F7814514394AC87E521EC97 /* Pods_MarKetUpUITests.framework */ = {isa = PBXFileReference; explicitFileType = wrapper.framework; includeInIndex = 0; path = Pods_MarKetUpUITests.framework; sourceTree = BUILT_PRODUCTS_DIR; };
		1803E3FB23622374007AAF06 /* StoreKit.framework */ = {isa = PBXFileReference; lastKnownFileType = wrapper.framework; name = StoreKit.framework; path = System/Library/Frameworks/StoreKit.framework; sourceTree = SDKROOT; };
		1803E3FD2362264A007AAF06 /* IAPProducts.swift */ = {isa = PBXFileReference; lastKnownFileType = sourcecode.swift; path = IAPProducts.swift; sourceTree = "<group>"; };
		1803E3FF236226B7007AAF06 /* IAPService.swift */ = {isa = PBXFileReference; lastKnownFileType = sourcecode.swift; path = IAPService.swift; sourceTree = "<group>"; };
		1803E424236AB2AC007AAF06 /* StoredStocks.swift */ = {isa = PBXFileReference; lastKnownFileType = sourcecode.swift; path = StoredStocks.swift; sourceTree = "<group>"; };
		1803E426236AB4B6007AAF06 /* PersistenceService.swift */ = {isa = PBXFileReference; lastKnownFileType = sourcecode.swift; path = PersistenceService.swift; sourceTree = "<group>"; };
		1803E428236B630C007AAF06 /* WatchList.swift */ = {isa = PBXFileReference; lastKnownFileType = sourcecode.swift; name = WatchList.swift; path = "MarKetUp/Supporting Files/WatchList.swift"; sourceTree = SOURCE_ROOT; };
		1803E42A236C0D61007AAF06 /* ProfileSelectionOneTableViewCell.swift */ = {isa = PBXFileReference; lastKnownFileType = sourcecode.swift; path = ProfileSelectionOneTableViewCell.swift; sourceTree = "<group>"; };
		1803E42C236C11B3007AAF06 /* ProfileSelectionTwoTableViewCell.swift */ = {isa = PBXFileReference; lastKnownFileType = sourcecode.swift; path = ProfileSelectionTwoTableViewCell.swift; sourceTree = "<group>"; };
		1803E42E236C11C1007AAF06 /* ProfileSelectionThreeTableViewCell.swift */ = {isa = PBXFileReference; lastKnownFileType = sourcecode.swift; path = ProfileSelectionThreeTableViewCell.swift; sourceTree = "<group>"; };
		1803F6392358E91700176D1F /* Default-568h@2x.png */ = {isa = PBXFileReference; lastKnownFileType = image.png; path = "Default-568h@2x.png"; sourceTree = "<group>"; };
		1803F63B2358F96B00176D1F /* SettingViewController.swift */ = {isa = PBXFileReference; lastKnownFileType = sourcecode.swift; path = SettingViewController.swift; sourceTree = "<group>"; };
		1803F63D2358F97E00176D1F /* HistoryViewController.swift */ = {isa = PBXFileReference; lastKnownFileType = sourcecode.swift; path = HistoryViewController.swift; sourceTree = "<group>"; };
		1803F63F2358F98B00176D1F /* AccountViewController.swift */ = {isa = PBXFileReference; lastKnownFileType = sourcecode.swift; path = AccountViewController.swift; sourceTree = "<group>"; };
		1803F6412358FED400176D1F /* SubProfileViewController.swift */ = {isa = PBXFileReference; lastKnownFileType = sourcecode.swift; path = SubProfileViewController.swift; sourceTree = "<group>"; };
		1803F6432359092900176D1F /* TradingViewController.swift */ = {isa = PBXFileReference; lastKnownFileType = sourcecode.swift; path = TradingViewController.swift; sourceTree = "<group>"; };
		182600202338468E00E9A85E /* StockSearchViewController.swift */ = {isa = PBXFileReference; lastKnownFileType = sourcecode.swift; path = StockSearchViewController.swift; sourceTree = "<group>"; };
		182EDA05231D9B25003D1B2A /* MarKetUp.app */ = {isa = PBXFileReference; explicitFileType = wrapper.application; includeInIndex = 0; path = MarKetUp.app; sourceTree = BUILT_PRODUCTS_DIR; };
		182EDA08231D9B25003D1B2A /* AppDelegate.swift */ = {isa = PBXFileReference; lastKnownFileType = sourcecode.swift; path = AppDelegate.swift; sourceTree = "<group>"; };
		182EDA0A231D9B25003D1B2A /* StockViewController.swift */ = {isa = PBXFileReference; lastKnownFileType = sourcecode.swift; path = StockViewController.swift; sourceTree = "<group>"; };
		182EDA0F231D9B25003D1B2A /* Base */ = {isa = PBXFileReference; lastKnownFileType = file.storyboard; name = Base; path = Base.lproj/Main.storyboard; sourceTree = "<group>"; };
		182EDA11231D9B28003D1B2A /* Assets.xcassets */ = {isa = PBXFileReference; lastKnownFileType = folder.assetcatalog; path = Assets.xcassets; sourceTree = "<group>"; };
		182EDA14231D9B28003D1B2A /* Base */ = {isa = PBXFileReference; lastKnownFileType = file.storyboard; name = Base; path = Base.lproj/LaunchScreen.storyboard; sourceTree = "<group>"; };
		182EDA16231D9B28003D1B2A /* Info.plist */ = {isa = PBXFileReference; lastKnownFileType = text.plist.xml; path = Info.plist; sourceTree = "<group>"; };
		182EDA1B231D9B28003D1B2A /* MarKetUpTests.xctest */ = {isa = PBXFileReference; explicitFileType = wrapper.cfbundle; includeInIndex = 0; path = MarKetUpTests.xctest; sourceTree = BUILT_PRODUCTS_DIR; };
		182EDA1F231D9B28003D1B2A /* MarKetUpTests.swift */ = {isa = PBXFileReference; lastKnownFileType = sourcecode.swift; path = MarKetUpTests.swift; sourceTree = "<group>"; };
		182EDA21231D9B28003D1B2A /* Info.plist */ = {isa = PBXFileReference; lastKnownFileType = text.plist.xml; path = Info.plist; sourceTree = "<group>"; };
		182EDA26231D9B28003D1B2A /* MarKetUpUITests.xctest */ = {isa = PBXFileReference; explicitFileType = wrapper.cfbundle; includeInIndex = 0; path = MarKetUpUITests.xctest; sourceTree = BUILT_PRODUCTS_DIR; };
		182EDA2A231D9B28003D1B2A /* MarKetUpUITests.swift */ = {isa = PBXFileReference; lastKnownFileType = sourcecode.swift; path = MarKetUpUITests.swift; sourceTree = "<group>"; };
		182EDA2C231D9B28003D1B2A /* Info.plist */ = {isa = PBXFileReference; lastKnownFileType = text.plist.xml; path = Info.plist; sourceTree = "<group>"; };
		187BF5D82345631D000DFD7F /* searchResultTableViewCell.swift */ = {isa = PBXFileReference; lastKnownFileType = sourcecode.swift; path = searchResultTableViewCell.swift; sourceTree = "<group>"; };
		18A0F370232DA29A00BCBE50 /* Model.xcdatamodel */ = {isa = PBXFileReference; lastKnownFileType = wrapper.xcdatamodel; path = Model.xcdatamodel; sourceTree = "<group>"; };
		18A0F396233048A500BCBE50 /* ProfileViewController.swift */ = {isa = PBXFileReference; lastKnownFileType = sourcecode.swift; path = ProfileViewController.swift; sourceTree = "<group>"; };
		18A0F398233048BC00BCBE50 /* User.swift */ = {isa = PBXFileReference; lastKnownFileType = sourcecode.swift; path = User.swift; sourceTree = "<group>"; };
		18A0F39A233065B100BCBE50 /* IndividualStockViewController.swift */ = {isa = PBXFileReference; lastKnownFileType = sourcecode.swift; path = IndividualStockViewController.swift; sourceTree = "<group>"; };
		18A0F39C233095DB00BCBE50 /* UIKitExtensions.swift */ = {isa = PBXFileReference; lastKnownFileType = sourcecode.swift; path = UIKitExtensions.swift; sourceTree = "<group>"; };
		18A13F00231F8DFB00710999 /* Stocks.swift */ = {isa = PBXFileReference; lastKnownFileType = sourcecode.swift; path = Stocks.swift; sourceTree = "<group>"; };
		18A13F02231F8E7200710999 /* StockTableViewCell.swift */ = {isa = PBXFileReference; lastKnownFileType = sourcecode.swift; path = StockTableViewCell.swift; sourceTree = "<group>"; };
		18BF4182234D223C0071D1A8 /* PurchaseCollectionViewCell.swift */ = {isa = PBXFileReference; lastKnownFileType = sourcecode.swift; path = PurchaseCollectionViewCell.swift; sourceTree = "<group>"; };
		18BF41A92355316C0071D1A8 /* StockList.json */ = {isa = PBXFileReference; fileEncoding = 4; lastKnownFileType = text.json; path = StockList.json; sourceTree = "<group>"; };
		18CEE6C4236E1DFA009B6FC0 /* StockHistoryTableViewCell.swift */ = {isa = PBXFileReference; lastKnownFileType = sourcecode.swift; path = StockHistoryTableViewCell.swift; sourceTree = "<group>"; };
		18CEE6C6236E1E46009B6FC0 /* DetailStockHistoryViewController.swift */ = {isa = PBXFileReference; lastKnownFileType = sourcecode.swift; path = DetailStockHistoryViewController.swift; sourceTree = "<group>"; };
		18CEE6C8236ED4B2009B6FC0 /* StockHistory.swift */ = {isa = PBXFileReference; lastKnownFileType = sourcecode.swift; path = StockHistory.swift; sourceTree = "<group>"; };
		18CEE6F92378BE54009B6FC0 /* ContentViewController.swift */ = {isa = PBXFileReference; lastKnownFileType = sourcecode.swift; path = ContentViewController.swift; sourceTree = "<group>"; };
		33F246CAEF33ED0D91089DE2 /* Pods-MarKetUpUITests.release.xcconfig */ = {isa = PBXFileReference; includeInIndex = 1; lastKnownFileType = text.xcconfig; name = "Pods-MarKetUpUITests.release.xcconfig"; path = "Target Support Files/Pods-MarKetUpUITests/Pods-MarKetUpUITests.release.xcconfig"; sourceTree = "<group>"; };
		3B33E1CC8FD642571D29C6AC /* Pods-MarKetUpTests.release.xcconfig */ = {isa = PBXFileReference; includeInIndex = 1; lastKnownFileType = text.xcconfig; name = "Pods-MarKetUpTests.release.xcconfig"; path = "Target Support Files/Pods-MarKetUpTests/Pods-MarKetUpTests.release.xcconfig"; sourceTree = "<group>"; };
		526E08884745C966342D2425 /* Pods-MarKetUp.release.xcconfig */ = {isa = PBXFileReference; includeInIndex = 1; lastKnownFileType = text.xcconfig; name = "Pods-MarKetUp.release.xcconfig"; path = "Target Support Files/Pods-MarKetUp/Pods-MarKetUp.release.xcconfig"; sourceTree = "<group>"; };
		9A5B8E1D102AC775B3BD5DEC /* Pods_MarKetUpTests.framework */ = {isa = PBXFileReference; explicitFileType = wrapper.framework; includeInIndex = 0; path = Pods_MarKetUpTests.framework; sourceTree = BUILT_PRODUCTS_DIR; };
		A82C14BD101710E6BDE07549 /* Pods-MarKetUpUITests.debug.xcconfig */ = {isa = PBXFileReference; includeInIndex = 1; lastKnownFileType = text.xcconfig; name = "Pods-MarKetUpUITests.debug.xcconfig"; path = "Target Support Files/Pods-MarKetUpUITests/Pods-MarKetUpUITests.debug.xcconfig"; sourceTree = "<group>"; };
		CECE25EDA58C6E88F758E38F /* Pods-MarKetUpTests.debug.xcconfig */ = {isa = PBXFileReference; includeInIndex = 1; lastKnownFileType = text.xcconfig; name = "Pods-MarKetUpTests.debug.xcconfig"; path = "Target Support Files/Pods-MarKetUpTests/Pods-MarKetUpTests.debug.xcconfig"; sourceTree = "<group>"; };
		E738DA6D4581DFC21DC25D56 /* Pods-MarKetUp.debug.xcconfig */ = {isa = PBXFileReference; includeInIndex = 1; lastKnownFileType = text.xcconfig; name = "Pods-MarKetUp.debug.xcconfig"; path = "Target Support Files/Pods-MarKetUp/Pods-MarKetUp.debug.xcconfig"; sourceTree = "<group>"; };
/* End PBXFileReference section */

/* Begin PBXFrameworksBuildPhase section */
		182EDA02231D9B25003D1B2A /* Frameworks */ = {
			isa = PBXFrameworksBuildPhase;
			buildActionMask = 2147483647;
			files = (
				A7304A04A1ADCDB8F88D0E26 /* Pods_MarKetUp.framework in Frameworks */,
				1803E3FC23622374007AAF06 /* StoreKit.framework in Frameworks */,
			);
			runOnlyForDeploymentPostprocessing = 0;
		};
		182EDA18231D9B28003D1B2A /* Frameworks */ = {
			isa = PBXFrameworksBuildPhase;
			buildActionMask = 2147483647;
			files = (
				9950BAAD467E828A42BF9239 /* Pods_MarKetUpTests.framework in Frameworks */,
			);
			runOnlyForDeploymentPostprocessing = 0;
		};
		182EDA23231D9B28003D1B2A /* Frameworks */ = {
			isa = PBXFrameworksBuildPhase;
			buildActionMask = 2147483647;
			files = (
				E297F841C0D6415341E9FAD5 /* Pods_MarKetUpUITests.framework in Frameworks */,
			);
			runOnlyForDeploymentPostprocessing = 0;
		};
/* End PBXFrameworksBuildPhase section */

/* Begin PBXGroup section */
		1803E430236C11C6007AAF06 /* ProfileSelectionTVC */ = {
			isa = PBXGroup;
			children = (
				1803E42A236C0D61007AAF06 /* ProfileSelectionOneTableViewCell.swift */,
				1803E42C236C11B3007AAF06 /* ProfileSelectionTwoTableViewCell.swift */,
				1803E42E236C11C1007AAF06 /* ProfileSelectionThreeTableViewCell.swift */,
			);
			path = ProfileSelectionTVC;
			sourceTree = "<group>";
		};
		1821DD0C235ACEC7005D0371 /* Stocks */ = {
			isa = PBXGroup;
			children = (
				182600202338468E00E9A85E /* StockSearchViewController.swift */,
				182EDA0A231D9B25003D1B2A /* StockViewController.swift */,
				18A0F39A233065B100BCBE50 /* IndividualStockViewController.swift */,
				18CEE6F92378BE54009B6FC0 /* ContentViewController.swift */,
				1803F6432359092900176D1F /* TradingViewController.swift */,
			);
			path = Stocks;
			sourceTree = "<group>";
		};
		1821DD0D235ACED5005D0371 /* Profile */ = {
			isa = PBXGroup;
			children = (
				18A0F396233048A500BCBE50 /* ProfileViewController.swift */,
				1803F6412358FED400176D1F /* SubProfileViewController.swift */,
				1803F63F2358F98B00176D1F /* AccountViewController.swift */,
				1803F63D2358F97E00176D1F /* HistoryViewController.swift */,
				18CEE6C6236E1E46009B6FC0 /* DetailStockHistoryViewController.swift */,
				1803F63B2358F96B00176D1F /* SettingViewController.swift */,
			);
			path = Profile;
			sourceTree = "<group>";
		};
		18260022233846A200E9A85E /* Models */ = {
			isa = PBXGroup;
			children = (
				18A13F00231F8DFB00710999 /* Stocks.swift */,
				18A0F398233048BC00BCBE50 /* User.swift */,
				1803E3FF236226B7007AAF06 /* IAPService.swift */,
				1803E3FD2362264A007AAF06 /* IAPProducts.swift */,
				1803E424236AB2AC007AAF06 /* StoredStocks.swift */,
				1803E428236B630C007AAF06 /* WatchList.swift */,
				18CEE6C8236ED4B2009B6FC0 /* StockHistory.swift */,
			);
			path = Models;
			sourceTree = "<group>";
		};
		18260023233846B400E9A85E /* Controllers */ = {
			isa = PBXGroup;
			children = (
				1821DD0C235ACEC7005D0371 /* Stocks */,
				1821DD0D235ACED5005D0371 /* Profile */,
			);
			path = Controllers;
			sourceTree = "<group>";
		};
		182ED9FC231D9B25003D1B2A = {
			isa = PBXGroup;
			children = (
				182EDA07231D9B25003D1B2A /* MarKetUp */,
				182EDA1E231D9B28003D1B2A /* MarKetUpTests */,
				182EDA29231D9B28003D1B2A /* MarKetUpUITests */,
				182EDA06231D9B25003D1B2A /* Products */,
				B44E38E7A54931D1906BF27E /* Pods */,
				DB4B3C17CE8BB6B9A8EB3456 /* Frameworks */,
			);
			sourceTree = "<group>";
		};
		182EDA06231D9B25003D1B2A /* Products */ = {
			isa = PBXGroup;
			children = (
				182EDA05231D9B25003D1B2A /* MarKetUp.app */,
				182EDA1B231D9B28003D1B2A /* MarKetUpTests.xctest */,
				182EDA26231D9B28003D1B2A /* MarKetUpUITests.xctest */,
			);
			name = Products;
			sourceTree = "<group>";
		};
		182EDA07231D9B25003D1B2A /* MarKetUp */ = {
			isa = PBXGroup;
			children = (
				18260023233846B400E9A85E /* Controllers */,
				18BF4181234D22190071D1A8 /* Views */,
				18260022233846A200E9A85E /* Models */,
				18A0F36F232DA29A00BCBE50 /* Model.xcdatamodeld */,
				182EDA0E231D9B25003D1B2A /* Main.storyboard */,
				182EDA16231D9B28003D1B2A /* Info.plist */,
				18A13EFF231F8D8200710999 /* Supporting Files */,
			);
			path = MarKetUp;
			sourceTree = "<group>";
		};
		182EDA1E231D9B28003D1B2A /* MarKetUpTests */ = {
			isa = PBXGroup;
			children = (
				182EDA1F231D9B28003D1B2A /* MarKetUpTests.swift */,
				182EDA21231D9B28003D1B2A /* Info.plist */,
			);
			path = MarKetUpTests;
			sourceTree = "<group>";
		};
		182EDA29231D9B28003D1B2A /* MarKetUpUITests */ = {
			isa = PBXGroup;
			children = (
				182EDA2A231D9B28003D1B2A /* MarKetUpUITests.swift */,
				182EDA2C231D9B28003D1B2A /* Info.plist */,
			);
			path = MarKetUpUITests;
			sourceTree = "<group>";
		};
		18A13EFF231F8D8200710999 /* Supporting Files */ = {
			isa = PBXGroup;
			children = (
				18BF41A92355316C0071D1A8 /* StockList.json */,
				182EDA08231D9B25003D1B2A /* AppDelegate.swift */,
				182EDA11231D9B28003D1B2A /* Assets.xcassets */,
				1803F6392358E91700176D1F /* Default-568h@2x.png */,
				182EDA13231D9B28003D1B2A /* LaunchScreen.storyboard */,
				18A0F39C233095DB00BCBE50 /* UIKitExtensions.swift */,
				1803E426236AB4B6007AAF06 /* PersistenceService.swift */,
			);
			path = "Supporting Files";
			sourceTree = "<group>";
		};
		18BF4181234D22190071D1A8 /* Views */ = {
			isa = PBXGroup;
			children = (
				18A13F02231F8E7200710999 /* StockTableViewCell.swift */,
				187BF5D82345631D000DFD7F /* searchResultTableViewCell.swift */,
				18BF4182234D223C0071D1A8 /* PurchaseCollectionViewCell.swift */,
				1803E430236C11C6007AAF06 /* ProfileSelectionTVC */,
				18CEE6C4236E1DFA009B6FC0 /* StockHistoryTableViewCell.swift */,
			);
			path = Views;
			sourceTree = "<group>";
		};
		B44E38E7A54931D1906BF27E /* Pods */ = {
			isa = PBXGroup;
			children = (
				E738DA6D4581DFC21DC25D56 /* Pods-MarKetUp.debug.xcconfig */,
				526E08884745C966342D2425 /* Pods-MarKetUp.release.xcconfig */,
				CECE25EDA58C6E88F758E38F /* Pods-MarKetUpTests.debug.xcconfig */,
				3B33E1CC8FD642571D29C6AC /* Pods-MarKetUpTests.release.xcconfig */,
				A82C14BD101710E6BDE07549 /* Pods-MarKetUpUITests.debug.xcconfig */,
				33F246CAEF33ED0D91089DE2 /* Pods-MarKetUpUITests.release.xcconfig */,
			);
			path = Pods;
			sourceTree = "<group>";
		};
		DB4B3C17CE8BB6B9A8EB3456 /* Frameworks */ = {
			isa = PBXGroup;
			children = (
				1803E3FB23622374007AAF06 /* StoreKit.framework */,
				06FA679A82975C2CC28B9502 /* Pods_MarKetUp.framework */,
				9A5B8E1D102AC775B3BD5DEC /* Pods_MarKetUpTests.framework */,
				0F7814514394AC87E521EC97 /* Pods_MarKetUpUITests.framework */,
			);
			name = Frameworks;
			sourceTree = "<group>";
		};
/* End PBXGroup section */

/* Begin PBXNativeTarget section */
		182EDA04231D9B25003D1B2A /* MarKetUp */ = {
			isa = PBXNativeTarget;
			buildConfigurationList = 182EDA2F231D9B28003D1B2A /* Build configuration list for PBXNativeTarget "MarKetUp" */;
			buildPhases = (
				FD71405AFECA2AC5E7243C27 /* [CP] Check Pods Manifest.lock */,
				182EDA01231D9B25003D1B2A /* Sources */,
				182EDA02231D9B25003D1B2A /* Frameworks */,
				182EDA03231D9B25003D1B2A /* Resources */,
				6194307455708AFA209BCABC /* [CP] Embed Pods Frameworks */,
			);
			buildRules = (
			);
			dependencies = (
			);
			name = MarKetUp;
			productName = MarKetUp;
			productReference = 182EDA05231D9B25003D1B2A /* MarKetUp.app */;
			productType = "com.apple.product-type.application";
		};
		182EDA1A231D9B28003D1B2A /* MarKetUpTests */ = {
			isa = PBXNativeTarget;
			buildConfigurationList = 182EDA32231D9B28003D1B2A /* Build configuration list for PBXNativeTarget "MarKetUpTests" */;
			buildPhases = (
				AD497CD9C3F97DB1D8BE5666 /* [CP] Check Pods Manifest.lock */,
				182EDA17231D9B28003D1B2A /* Sources */,
				182EDA18231D9B28003D1B2A /* Frameworks */,
				182EDA19231D9B28003D1B2A /* Resources */,
			);
			buildRules = (
			);
			dependencies = (
				182EDA1D231D9B28003D1B2A /* PBXTargetDependency */,
			);
			name = MarKetUpTests;
			productName = MarKetUpTests;
			productReference = 182EDA1B231D9B28003D1B2A /* MarKetUpTests.xctest */;
			productType = "com.apple.product-type.bundle.unit-test";
		};
		182EDA25231D9B28003D1B2A /* MarKetUpUITests */ = {
			isa = PBXNativeTarget;
			buildConfigurationList = 182EDA35231D9B28003D1B2A /* Build configuration list for PBXNativeTarget "MarKetUpUITests" */;
			buildPhases = (
				2319C7EE2E59A7328088A83E /* [CP] Check Pods Manifest.lock */,
				182EDA22231D9B28003D1B2A /* Sources */,
				182EDA23231D9B28003D1B2A /* Frameworks */,
				182EDA24231D9B28003D1B2A /* Resources */,
			);
			buildRules = (
			);
			dependencies = (
				182EDA28231D9B28003D1B2A /* PBXTargetDependency */,
			);
			name = MarKetUpUITests;
			productName = MarKetUpUITests;
			productReference = 182EDA26231D9B28003D1B2A /* MarKetUpUITests.xctest */;
			productType = "com.apple.product-type.bundle.ui-testing";
		};
/* End PBXNativeTarget section */

/* Begin PBXProject section */
		182ED9FD231D9B25003D1B2A /* Project object */ = {
			isa = PBXProject;
			attributes = {
				LastSwiftUpdateCheck = 1030;
				LastUpgradeCheck = 1030;
				ORGANIZATIONNAME = "Kaishan Ding";
				TargetAttributes = {
					182EDA04231D9B25003D1B2A = {
						CreatedOnToolsVersion = 10.3;
					};
					182EDA1A231D9B28003D1B2A = {
						CreatedOnToolsVersion = 10.3;
						TestTargetID = 182EDA04231D9B25003D1B2A;
					};
					182EDA25231D9B28003D1B2A = {
						CreatedOnToolsVersion = 10.3;
						TestTargetID = 182EDA04231D9B25003D1B2A;
					};
				};
			};
			buildConfigurationList = 182EDA00231D9B25003D1B2A /* Build configuration list for PBXProject "MarKetUp" */;
			compatibilityVersion = "Xcode 9.3";
			developmentRegion = en;
			hasScannedForEncodings = 0;
			knownRegions = (
				en,
				Base,
			);
			mainGroup = 182ED9FC231D9B25003D1B2A;
			productRefGroup = 182EDA06231D9B25003D1B2A /* Products */;
			projectDirPath = "";
			projectRoot = "";
			targets = (
				182EDA04231D9B25003D1B2A /* MarKetUp */,
				182EDA1A231D9B28003D1B2A /* MarKetUpTests */,
				182EDA25231D9B28003D1B2A /* MarKetUpUITests */,
			);
		};
/* End PBXProject section */

/* Begin PBXResourcesBuildPhase section */
		182EDA03231D9B25003D1B2A /* Resources */ = {
			isa = PBXResourcesBuildPhase;
			buildActionMask = 2147483647;
			files = (
				182EDA15231D9B28003D1B2A /* LaunchScreen.storyboard in Resources */,
				182EDA12231D9B28003D1B2A /* Assets.xcassets in Resources */,
				18BF41AA2355316C0071D1A8 /* StockList.json in Resources */,
				1803F63A2358E91700176D1F /* Default-568h@2x.png in Resources */,
				182EDA10231D9B25003D1B2A /* Main.storyboard in Resources */,
			);
			runOnlyForDeploymentPostprocessing = 0;
		};
		182EDA19231D9B28003D1B2A /* Resources */ = {
			isa = PBXResourcesBuildPhase;
			buildActionMask = 2147483647;
			files = (
			);
			runOnlyForDeploymentPostprocessing = 0;
		};
		182EDA24231D9B28003D1B2A /* Resources */ = {
			isa = PBXResourcesBuildPhase;
			buildActionMask = 2147483647;
			files = (
			);
			runOnlyForDeploymentPostprocessing = 0;
		};
/* End PBXResourcesBuildPhase section */

/* Begin PBXShellScriptBuildPhase section */
		2319C7EE2E59A7328088A83E /* [CP] Check Pods Manifest.lock */ = {
			isa = PBXShellScriptBuildPhase;
			buildActionMask = 2147483647;
			files = (
			);
			inputFileListPaths = (
			);
			inputPaths = (
				"${PODS_PODFILE_DIR_PATH}/Podfile.lock",
				"${PODS_ROOT}/Manifest.lock",
			);
			name = "[CP] Check Pods Manifest.lock";
			outputFileListPaths = (
			);
			outputPaths = (
				"$(DERIVED_FILE_DIR)/Pods-MarKetUpUITests-checkManifestLockResult.txt",
			);
			runOnlyForDeploymentPostprocessing = 0;
			shellPath = /bin/sh;
			shellScript = "diff \"${PODS_PODFILE_DIR_PATH}/Podfile.lock\" \"${PODS_ROOT}/Manifest.lock\" > /dev/null\nif [ $? != 0 ] ; then\n    # print error to STDERR\n    echo \"error: The sandbox is not in sync with the Podfile.lock. Run 'pod install' or update your CocoaPods installation.\" >&2\n    exit 1\nfi\n# This output is used by Xcode 'outputs' to avoid re-running this script phase.\necho \"SUCCESS\" > \"${SCRIPT_OUTPUT_FILE_0}\"\n";
			showEnvVarsInLog = 0;
		};
		6194307455708AFA209BCABC /* [CP] Embed Pods Frameworks */ = {
			isa = PBXShellScriptBuildPhase;
			buildActionMask = 2147483647;
			files = (
			);
			inputFileListPaths = (
				"${PODS_ROOT}/Target Support Files/Pods-MarKetUp/Pods-MarKetUp-frameworks-${CONFIGURATION}-input-files.xcfilelist",
			);
			name = "[CP] Embed Pods Frameworks";
			outputFileListPaths = (
				"${PODS_ROOT}/Target Support Files/Pods-MarKetUp/Pods-MarKetUp-frameworks-${CONFIGURATION}-output-files.xcfilelist",
			);
			runOnlyForDeploymentPostprocessing = 0;
			shellPath = /bin/sh;
			shellScript = "\"${PODS_ROOT}/Target Support Files/Pods-MarKetUp/Pods-MarKetUp-frameworks.sh\"\n";
			showEnvVarsInLog = 0;
		};
		AD497CD9C3F97DB1D8BE5666 /* [CP] Check Pods Manifest.lock */ = {
			isa = PBXShellScriptBuildPhase;
			buildActionMask = 2147483647;
			files = (
			);
			inputFileListPaths = (
			);
			inputPaths = (
				"${PODS_PODFILE_DIR_PATH}/Podfile.lock",
				"${PODS_ROOT}/Manifest.lock",
			);
			name = "[CP] Check Pods Manifest.lock";
			outputFileListPaths = (
			);
			outputPaths = (
				"$(DERIVED_FILE_DIR)/Pods-MarKetUpTests-checkManifestLockResult.txt",
			);
			runOnlyForDeploymentPostprocessing = 0;
			shellPath = /bin/sh;
			shellScript = "diff \"${PODS_PODFILE_DIR_PATH}/Podfile.lock\" \"${PODS_ROOT}/Manifest.lock\" > /dev/null\nif [ $? != 0 ] ; then\n    # print error to STDERR\n    echo \"error: The sandbox is not in sync with the Podfile.lock. Run 'pod install' or update your CocoaPods installation.\" >&2\n    exit 1\nfi\n# This output is used by Xcode 'outputs' to avoid re-running this script phase.\necho \"SUCCESS\" > \"${SCRIPT_OUTPUT_FILE_0}\"\n";
			showEnvVarsInLog = 0;
		};
		FD71405AFECA2AC5E7243C27 /* [CP] Check Pods Manifest.lock */ = {
			isa = PBXShellScriptBuildPhase;
			buildActionMask = 2147483647;
			files = (
			);
			inputFileListPaths = (
			);
			inputPaths = (
				"${PODS_PODFILE_DIR_PATH}/Podfile.lock",
				"${PODS_ROOT}/Manifest.lock",
			);
			name = "[CP] Check Pods Manifest.lock";
			outputFileListPaths = (
			);
			outputPaths = (
				"$(DERIVED_FILE_DIR)/Pods-MarKetUp-checkManifestLockResult.txt",
			);
			runOnlyForDeploymentPostprocessing = 0;
			shellPath = /bin/sh;
			shellScript = "diff \"${PODS_PODFILE_DIR_PATH}/Podfile.lock\" \"${PODS_ROOT}/Manifest.lock\" > /dev/null\nif [ $? != 0 ] ; then\n    # print error to STDERR\n    echo \"error: The sandbox is not in sync with the Podfile.lock. Run 'pod install' or update your CocoaPods installation.\" >&2\n    exit 1\nfi\n# This output is used by Xcode 'outputs' to avoid re-running this script phase.\necho \"SUCCESS\" > \"${SCRIPT_OUTPUT_FILE_0}\"\n";
			showEnvVarsInLog = 0;
		};
/* End PBXShellScriptBuildPhase section */

/* Begin PBXSourcesBuildPhase section */
		182EDA01231D9B25003D1B2A /* Sources */ = {
			isa = PBXSourcesBuildPhase;
			buildActionMask = 2147483647;
			files = (
				18A0F397233048A500BCBE50 /* ProfileViewController.swift in Sources */,
				18CEE6C7236E1E46009B6FC0 /* DetailStockHistoryViewController.swift in Sources */,
				182EDA09231D9B25003D1B2A /* AppDelegate.swift in Sources */,
				18A0F39D233095DB00BCBE50 /* UIKitExtensions.swift in Sources */,
				1803E429236B630C007AAF06 /* WatchList.swift in Sources */,
				1803F6422358FED400176D1F /* SubProfileViewController.swift in Sources */,
				1803E42D236C11B3007AAF06 /* ProfileSelectionTwoTableViewCell.swift in Sources */,
				1803E3FE2362264A007AAF06 /* IAPProducts.swift in Sources */,
				1803E400236226B7007AAF06 /* IAPService.swift in Sources */,
				1803F63C2358F96B00176D1F /* SettingViewController.swift in Sources */,
				1803E427236AB4B6007AAF06 /* PersistenceService.swift in Sources */,
				1803E42B236C0D61007AAF06 /* ProfileSelectionOneTableViewCell.swift in Sources */,
				1803F6442359092900176D1F /* TradingViewController.swift in Sources */,
				18A0F39B233065B100BCBE50 /* IndividualStockViewController.swift in Sources */,
				1803F63E2358F97E00176D1F /* HistoryViewController.swift in Sources */,
				18CEE6C9236ED4B2009B6FC0 /* StockHistory.swift in Sources */,
				18BF4183234D223C0071D1A8 /* PurchaseCollectionViewCell.swift in Sources */,
				187BF5D92345631D000DFD7F /* searchResultTableViewCell.swift in Sources */,
				1803F6402358F98B00176D1F /* AccountViewController.swift in Sources */,
				182600212338468E00E9A85E /* StockSearchViewController.swift in Sources */,
				18A13F03231F8E7200710999 /* StockTableViewCell.swift in Sources */,
				18A0F371232DA29A00BCBE50 /* Model.xcdatamodeld in Sources */,
				18A13F01231F8DFB00710999 /* Stocks.swift in Sources */,
				1803E425236AB2AC007AAF06 /* StoredStocks.swift in Sources */,
				182EDA0B231D9B25003D1B2A /* StockViewController.swift in Sources */,
				18CEE6C5236E1DFA009B6FC0 /* StockHistoryTableViewCell.swift in Sources */,
				18CEE6FA2378BE54009B6FC0 /* ContentViewController.swift in Sources */,
				1803E42F236C11C1007AAF06 /* ProfileSelectionThreeTableViewCell.swift in Sources */,
				18A0F399233048BC00BCBE50 /* User.swift in Sources */,
			);
			runOnlyForDeploymentPostprocessing = 0;
		};
		182EDA17231D9B28003D1B2A /* Sources */ = {
			isa = PBXSourcesBuildPhase;
			buildActionMask = 2147483647;
			files = (
				182EDA20231D9B28003D1B2A /* MarKetUpTests.swift in Sources */,
			);
			runOnlyForDeploymentPostprocessing = 0;
		};
		182EDA22231D9B28003D1B2A /* Sources */ = {
			isa = PBXSourcesBuildPhase;
			buildActionMask = 2147483647;
			files = (
				182EDA2B231D9B28003D1B2A /* MarKetUpUITests.swift in Sources */,
			);
			runOnlyForDeploymentPostprocessing = 0;
		};
/* End PBXSourcesBuildPhase section */

/* Begin PBXTargetDependency section */
		182EDA1D231D9B28003D1B2A /* PBXTargetDependency */ = {
			isa = PBXTargetDependency;
			target = 182EDA04231D9B25003D1B2A /* MarKetUp */;
			targetProxy = 182EDA1C231D9B28003D1B2A /* PBXContainerItemProxy */;
		};
		182EDA28231D9B28003D1B2A /* PBXTargetDependency */ = {
			isa = PBXTargetDependency;
			target = 182EDA04231D9B25003D1B2A /* MarKetUp */;
			targetProxy = 182EDA27231D9B28003D1B2A /* PBXContainerItemProxy */;
		};
/* End PBXTargetDependency section */

/* Begin PBXVariantGroup section */
		182EDA0E231D9B25003D1B2A /* Main.storyboard */ = {
			isa = PBXVariantGroup;
			children = (
				182EDA0F231D9B25003D1B2A /* Base */,
			);
			name = Main.storyboard;
			sourceTree = "<group>";
		};
		182EDA13231D9B28003D1B2A /* LaunchScreen.storyboard */ = {
			isa = PBXVariantGroup;
			children = (
				182EDA14231D9B28003D1B2A /* Base */,
			);
			name = LaunchScreen.storyboard;
			sourceTree = "<group>";
		};
/* End PBXVariantGroup section */

/* Begin XCBuildConfiguration section */
		182EDA2D231D9B28003D1B2A /* Debug */ = {
			isa = XCBuildConfiguration;
			buildSettings = {
				ALWAYS_SEARCH_USER_PATHS = NO;
				CLANG_ANALYZER_NONNULL = YES;
				CLANG_ANALYZER_NUMBER_OBJECT_CONVERSION = YES_AGGRESSIVE;
				CLANG_CXX_LANGUAGE_STANDARD = "gnu++14";
				CLANG_CXX_LIBRARY = "libc++";
				CLANG_ENABLE_MODULES = YES;
				CLANG_ENABLE_OBJC_ARC = YES;
				CLANG_ENABLE_OBJC_WEAK = YES;
				CLANG_WARN_BLOCK_CAPTURE_AUTORELEASING = YES;
				CLANG_WARN_BOOL_CONVERSION = YES;
				CLANG_WARN_COMMA = YES;
				CLANG_WARN_CONSTANT_CONVERSION = YES;
				CLANG_WARN_DEPRECATED_OBJC_IMPLEMENTATIONS = YES;
				CLANG_WARN_DIRECT_OBJC_ISA_USAGE = YES_ERROR;
				CLANG_WARN_DOCUMENTATION_COMMENTS = YES;
				CLANG_WARN_EMPTY_BODY = YES;
				CLANG_WARN_ENUM_CONVERSION = YES;
				CLANG_WARN_INFINITE_RECURSION = YES;
				CLANG_WARN_INT_CONVERSION = YES;
				CLANG_WARN_NON_LITERAL_NULL_CONVERSION = YES;
				CLANG_WARN_OBJC_IMPLICIT_RETAIN_SELF = YES;
				CLANG_WARN_OBJC_LITERAL_CONVERSION = YES;
				CLANG_WARN_OBJC_ROOT_CLASS = YES_ERROR;
				CLANG_WARN_RANGE_LOOP_ANALYSIS = YES;
				CLANG_WARN_STRICT_PROTOTYPES = YES;
				CLANG_WARN_SUSPICIOUS_MOVE = YES;
				CLANG_WARN_UNGUARDED_AVAILABILITY = YES_AGGRESSIVE;
				CLANG_WARN_UNREACHABLE_CODE = YES;
				CLANG_WARN__DUPLICATE_METHOD_MATCH = YES;
				CODE_SIGN_IDENTITY = "iPhone Developer";
				COPY_PHASE_STRIP = NO;
				DEBUG_INFORMATION_FORMAT = dwarf;
				ENABLE_STRICT_OBJC_MSGSEND = YES;
				ENABLE_TESTABILITY = YES;
				GCC_C_LANGUAGE_STANDARD = gnu11;
				GCC_DYNAMIC_NO_PIC = NO;
				GCC_NO_COMMON_BLOCKS = YES;
				GCC_OPTIMIZATION_LEVEL = 0;
				GCC_PREPROCESSOR_DEFINITIONS = (
					"DEBUG=1",
					"$(inherited)",
				);
				GCC_WARN_64_TO_32_BIT_CONVERSION = YES;
				GCC_WARN_ABOUT_RETURN_TYPE = YES_ERROR;
				GCC_WARN_UNDECLARED_SELECTOR = YES;
				GCC_WARN_UNINITIALIZED_AUTOS = YES_AGGRESSIVE;
				GCC_WARN_UNUSED_FUNCTION = YES;
				GCC_WARN_UNUSED_VARIABLE = YES;
				IPHONEOS_DEPLOYMENT_TARGET = 12.4;
				MTL_ENABLE_DEBUG_INFO = INCLUDE_SOURCE;
				MTL_FAST_MATH = YES;
				ONLY_ACTIVE_ARCH = YES;
				SDKROOT = iphoneos;
				SWIFT_ACTIVE_COMPILATION_CONDITIONS = DEBUG;
				SWIFT_OPTIMIZATION_LEVEL = "-Onone";
			};
			name = Debug;
		};
		182EDA2E231D9B28003D1B2A /* Release */ = {
			isa = XCBuildConfiguration;
			buildSettings = {
				ALWAYS_SEARCH_USER_PATHS = NO;
				CLANG_ANALYZER_NONNULL = YES;
				CLANG_ANALYZER_NUMBER_OBJECT_CONVERSION = YES_AGGRESSIVE;
				CLANG_CXX_LANGUAGE_STANDARD = "gnu++14";
				CLANG_CXX_LIBRARY = "libc++";
				CLANG_ENABLE_MODULES = YES;
				CLANG_ENABLE_OBJC_ARC = YES;
				CLANG_ENABLE_OBJC_WEAK = YES;
				CLANG_WARN_BLOCK_CAPTURE_AUTORELEASING = YES;
				CLANG_WARN_BOOL_CONVERSION = YES;
				CLANG_WARN_COMMA = YES;
				CLANG_WARN_CONSTANT_CONVERSION = YES;
				CLANG_WARN_DEPRECATED_OBJC_IMPLEMENTATIONS = YES;
				CLANG_WARN_DIRECT_OBJC_ISA_USAGE = YES_ERROR;
				CLANG_WARN_DOCUMENTATION_COMMENTS = YES;
				CLANG_WARN_EMPTY_BODY = YES;
				CLANG_WARN_ENUM_CONVERSION = YES;
				CLANG_WARN_INFINITE_RECURSION = YES;
				CLANG_WARN_INT_CONVERSION = YES;
				CLANG_WARN_NON_LITERAL_NULL_CONVERSION = YES;
				CLANG_WARN_OBJC_IMPLICIT_RETAIN_SELF = YES;
				CLANG_WARN_OBJC_LITERAL_CONVERSION = YES;
				CLANG_WARN_OBJC_ROOT_CLASS = YES_ERROR;
				CLANG_WARN_RANGE_LOOP_ANALYSIS = YES;
				CLANG_WARN_STRICT_PROTOTYPES = YES;
				CLANG_WARN_SUSPICIOUS_MOVE = YES;
				CLANG_WARN_UNGUARDED_AVAILABILITY = YES_AGGRESSIVE;
				CLANG_WARN_UNREACHABLE_CODE = YES;
				CLANG_WARN__DUPLICATE_METHOD_MATCH = YES;
				CODE_SIGN_IDENTITY = "iPhone Developer";
				COPY_PHASE_STRIP = NO;
				DEBUG_INFORMATION_FORMAT = "dwarf-with-dsym";
				ENABLE_NS_ASSERTIONS = NO;
				ENABLE_STRICT_OBJC_MSGSEND = YES;
				GCC_C_LANGUAGE_STANDARD = gnu11;
				GCC_NO_COMMON_BLOCKS = YES;
				GCC_WARN_64_TO_32_BIT_CONVERSION = YES;
				GCC_WARN_ABOUT_RETURN_TYPE = YES_ERROR;
				GCC_WARN_UNDECLARED_SELECTOR = YES;
				GCC_WARN_UNINITIALIZED_AUTOS = YES_AGGRESSIVE;
				GCC_WARN_UNUSED_FUNCTION = YES;
				GCC_WARN_UNUSED_VARIABLE = YES;
				IPHONEOS_DEPLOYMENT_TARGET = 12.4;
				MTL_ENABLE_DEBUG_INFO = NO;
				MTL_FAST_MATH = YES;
				SDKROOT = iphoneos;
				SWIFT_COMPILATION_MODE = wholemodule;
				SWIFT_OPTIMIZATION_LEVEL = "-O";
				VALIDATE_PRODUCT = YES;
			};
			name = Release;
		};
		182EDA30231D9B28003D1B2A /* Debug */ = {
			isa = XCBuildConfiguration;
			baseConfigurationReference = E738DA6D4581DFC21DC25D56 /* Pods-MarKetUp.debug.xcconfig */;
			buildSettings = {
				ASSETCATALOG_COMPILER_APPICON_NAME = AppIcon;
				CODE_SIGN_STYLE = Automatic;
				DEVELOPMENT_TEAM = 458XY7U8R6;
				INFOPLIST_FILE = MarKetUp/Info.plist;
				IPHONEOS_DEPLOYMENT_TARGET = 13.0;
				LD_RUNPATH_SEARCH_PATHS = (
					"$(inherited)",
					"@executable_path/Frameworks",
				);
				MARKETING_VERSION = 1.2.1;
				PRODUCT_BUNDLE_IDENTIFIER = com.HypeKai.MarKetUp;
				PRODUCT_NAME = "$(TARGET_NAME)";
				SWIFT_VERSION = 5.0;
				TARGETED_DEVICE_FAMILY = "1,2";
			};
			name = Debug;
		};
		182EDA31231D9B28003D1B2A /* Release */ = {
			isa = XCBuildConfiguration;
			baseConfigurationReference = 526E08884745C966342D2425 /* Pods-MarKetUp.release.xcconfig */;
			buildSettings = {
				ASSETCATALOG_COMPILER_APPICON_NAME = AppIcon;
				CODE_SIGN_STYLE = Automatic;
				DEVELOPMENT_TEAM = 458XY7U8R6;
				INFOPLIST_FILE = MarKetUp/Info.plist;
				IPHONEOS_DEPLOYMENT_TARGET = 13.0;
				LD_RUNPATH_SEARCH_PATHS = (
					"$(inherited)",
					"@executable_path/Frameworks",
				);
				MARKETING_VERSION = 1.2.1;
				PRODUCT_BUNDLE_IDENTIFIER = com.HypeKai.MarKetUp;
				PRODUCT_NAME = "$(TARGET_NAME)";
				SWIFT_VERSION = 5.0;
				TARGETED_DEVICE_FAMILY = "1,2";
			};
			name = Release;
		};
		182EDA33231D9B28003D1B2A /* Debug */ = {
			isa = XCBuildConfiguration;
			baseConfigurationReference = CECE25EDA58C6E88F758E38F /* Pods-MarKetUpTests.debug.xcconfig */;
			buildSettings = {
				ALWAYS_EMBED_SWIFT_STANDARD_LIBRARIES = YES;
				BUNDLE_LOADER = "$(TEST_HOST)";
				CODE_SIGN_STYLE = Automatic;
				DEVELOPMENT_TEAM = 458XY7U8R6;
				INFOPLIST_FILE = MarKetUpTests/Info.plist;
				LD_RUNPATH_SEARCH_PATHS = (
					"$(inherited)",
					"@executable_path/Frameworks",
					"@loader_path/Frameworks",
				);
				PRODUCT_BUNDLE_IDENTIFIER = com.HypeKai.MarKetUpTests;
				PRODUCT_NAME = "$(TARGET_NAME)";
				SWIFT_VERSION = 5.0;
				TARGETED_DEVICE_FAMILY = "1,2";
				TEST_HOST = "$(BUILT_PRODUCTS_DIR)/MarKetUp.app/MarKetUp";
			};
			name = Debug;
		};
		182EDA34231D9B28003D1B2A /* Release */ = {
			isa = XCBuildConfiguration;
			baseConfigurationReference = 3B33E1CC8FD642571D29C6AC /* Pods-MarKetUpTests.release.xcconfig */;
			buildSettings = {
				ALWAYS_EMBED_SWIFT_STANDARD_LIBRARIES = YES;
				BUNDLE_LOADER = "$(TEST_HOST)";
				CODE_SIGN_STYLE = Automatic;
				DEVELOPMENT_TEAM = 458XY7U8R6;
				INFOPLIST_FILE = MarKetUpTests/Info.plist;
				LD_RUNPATH_SEARCH_PATHS = (
					"$(inherited)",
					"@executable_path/Frameworks",
					"@loader_path/Frameworks",
				);
				PRODUCT_BUNDLE_IDENTIFIER = com.HypeKai.MarKetUpTests;
				PRODUCT_NAME = "$(TARGET_NAME)";
				SWIFT_VERSION = 5.0;
				TARGETED_DEVICE_FAMILY = "1,2";
				TEST_HOST = "$(BUILT_PRODUCTS_DIR)/MarKetUp.app/MarKetUp";
			};
			name = Release;
		};
		182EDA36231D9B28003D1B2A /* Debug */ = {
			isa = XCBuildConfiguration;
			baseConfigurationReference = A82C14BD101710E6BDE07549 /* Pods-MarKetUpUITests.debug.xcconfig */;
			buildSettings = {
				ALWAYS_EMBED_SWIFT_STANDARD_LIBRARIES = YES;
				CODE_SIGN_STYLE = Automatic;
				DEVELOPMENT_TEAM = 458XY7U8R6;
				INFOPLIST_FILE = MarKetUpUITests/Info.plist;
				LD_RUNPATH_SEARCH_PATHS = (
					"$(inherited)",
					"@executable_path/Frameworks",
					"@loader_path/Frameworks",
				);
				PRODUCT_BUNDLE_IDENTIFIER = com.HypeKai.MarKetUpUITests;
				PRODUCT_NAME = "$(TARGET_NAME)";
				SWIFT_VERSION = 5.0;
				TARGETED_DEVICE_FAMILY = "1,2";
				TEST_TARGET_NAME = MarKetUp;
			};
			name = Debug;
		};
		182EDA37231D9B28003D1B2A /* Release */ = {
			isa = XCBuildConfiguration;
			baseConfigurationReference = 33F246CAEF33ED0D91089DE2 /* Pods-MarKetUpUITests.release.xcconfig */;
			buildSettings = {
				ALWAYS_EMBED_SWIFT_STANDARD_LIBRARIES = YES;
				CODE_SIGN_STYLE = Automatic;
				DEVELOPMENT_TEAM = 458XY7U8R6;
				INFOPLIST_FILE = MarKetUpUITests/Info.plist;
				LD_RUNPATH_SEARCH_PATHS = (
					"$(inherited)",
					"@executable_path/Frameworks",
					"@loader_path/Frameworks",
				);
				PRODUCT_BUNDLE_IDENTIFIER = com.HypeKai.MarKetUpUITests;
				PRODUCT_NAME = "$(TARGET_NAME)";
				SWIFT_VERSION = 5.0;
				TARGETED_DEVICE_FAMILY = "1,2";
				TEST_TARGET_NAME = MarKetUp;
			};
			name = Release;
		};
/* End XCBuildConfiguration section */

/* Begin XCConfigurationList section */
		182EDA00231D9B25003D1B2A /* Build configuration list for PBXProject "MarKetUp" */ = {
			isa = XCConfigurationList;
			buildConfigurations = (
				182EDA2D231D9B28003D1B2A /* Debug */,
				182EDA2E231D9B28003D1B2A /* Release */,
			);
			defaultConfigurationIsVisible = 0;
			defaultConfigurationName = Release;
		};
		182EDA2F231D9B28003D1B2A /* Build configuration list for PBXNativeTarget "MarKetUp" */ = {
			isa = XCConfigurationList;
			buildConfigurations = (
				182EDA30231D9B28003D1B2A /* Debug */,
				182EDA31231D9B28003D1B2A /* Release */,
			);
			defaultConfigurationIsVisible = 0;
			defaultConfigurationName = Release;
		};
		182EDA32231D9B28003D1B2A /* Build configuration list for PBXNativeTarget "MarKetUpTests" */ = {
			isa = XCConfigurationList;
			buildConfigurations = (
				182EDA33231D9B28003D1B2A /* Debug */,
				182EDA34231D9B28003D1B2A /* Release */,
			);
			defaultConfigurationIsVisible = 0;
			defaultConfigurationName = Release;
		};
		182EDA35231D9B28003D1B2A /* Build configuration list for PBXNativeTarget "MarKetUpUITests" */ = {
			isa = XCConfigurationList;
			buildConfigurations = (
				182EDA36231D9B28003D1B2A /* Debug */,
				182EDA37231D9B28003D1B2A /* Release */,
			);
			defaultConfigurationIsVisible = 0;
			defaultConfigurationName = Release;
		};
/* End XCConfigurationList section */

/* Begin XCVersionGroup section */
		18A0F36F232DA29A00BCBE50 /* Model.xcdatamodeld */ = {
			isa = XCVersionGroup;
			children = (
				18A0F370232DA29A00BCBE50 /* Model.xcdatamodel */,
			);
			currentVersion = 18A0F370232DA29A00BCBE50 /* Model.xcdatamodel */;
			path = Model.xcdatamodeld;
			sourceTree = "<group>";
			versionGroupType = wrapper.xcdatamodel;
		};
/* End XCVersionGroup section */
	};
	rootObject = 182ED9FD231D9B25003D1B2A /* Project object */;
}
